{
  "name": "AwesomeProject",
  "version": "0.0.1",
  "lockfileVersion": 1,
  "requires": true,
  "dependencies": {
    "@react-navigation/core": {
      "version": "3.4.2",
      "resolved": "https://registry.npm.taobao.org/@react-navigation/core/download/@react-navigation/core-3.4.2.tgz",
      "integrity": "sha1-vsVj6U/eQPurNzDNyX8ir7sqFJg=",
      "requires": {
        "hoist-non-react-statics": "3.3.0",
        "path-to-regexp": "1.7.0",
        "query-string": "6.8.1",
        "react-is": "16.8.6"
      }
    },
    "@react-navigation/native": {
      "version": "3.5.0",
      "resolved": "https://registry.npm.taobao.org/@react-navigation/native/download/@react-navigation/native-3.5.0.tgz",
      "integrity": "sha1-9dFuCEWsJtEUfRyqSB8YoAdA564=",
      "requires": {
        "hoist-non-react-statics": "3.3.0",
        "react-native-safe-area-view": "0.14.5",
        "react-native-screens": "1.0.0-alpha.22"
      }
    },
    "decode-uri-component": {
      "version": "0.2.0",
      "resolved": "https://registry.npm.taobao.org/decode-uri-component/download/decode-uri-component-0.2.0.tgz",
      "integrity": "sha1-6zkTMzRYd1y4TNGh+uBiEGu4dUU="
    },
    "hoist-non-react-statics": {
      "version": "3.3.0",
      "resolved": "https://registry.npm.taobao.org/hoist-non-react-statics/download/hoist-non-react-statics-3.3.0.tgz",
      "integrity": "sha1-sJF48BIhhPuVrPUl2q7LTY9FlYs=",
      "requires": {
        "react-is": "16.8.6"
      }
    },
    "isarray": {
      "version": "0.0.1",
      "resolved": "https://registry.npm.taobao.org/isarray/download/isarray-0.0.1.tgz",
      "integrity": "sha1-ihis/Kmo9Bd+Cav8YDiTmwXR7t8="
    },
    "js-tokens": {
      "version": "4.0.0",
      "resolved": "https://registry.npm.taobao.org/js-tokens/download/js-tokens-4.0.0.tgz",
      "integrity": "sha1-GSA/tZmR35jjoocFDUZHzerzJJk="
    },
    "loose-envify": {
      "version": "1.4.0",
      "resolved": "https://registry.npm.taobao.org/loose-envify/download/loose-envify-1.4.0.tgz",
      "integrity": "sha1-ce5R+nvkyuwaY4OffmgtgTLTDK8=",
      "requires": {
        "js-tokens": "4.0.0"
      }
    },
    "object-assign": {
      "version": "4.1.1",
      "resolved": "https://registry.npm.taobao.org/object-assign/download/object-assign-4.1.1.tgz?cache=0&other_urls=https%3A%2F%2Fregistry.npm.taobao.org%2Fobject-assign%2Fdownload%2Fobject-assign-4.1.1.tgz",
      "integrity": "sha1-IQmtx5ZYh8/AXLvUQsrIv7s2CGM="
    },
    "path-to-regexp": {
      "version": "1.7.0",
      "resolved": "https://registry.npm.taobao.org/path-to-regexp/download/path-to-regexp-1.7.0.tgz",
      "integrity": "sha1-Wf3g9DW62suhA6hOnTvGTpa5k30=",
      "requires": {
        "isarray": "0.0.1"
      }
    },
    "prop-types": {
      "version": "15.7.2",
      "resolved": "https://registry.npm.taobao.org/prop-types/download/prop-types-15.7.2.tgz",
      "integrity": "sha1-UsQedbjIfnK52TYOAga5ncv/psU=",
      "requires": {
        "loose-envify": "1.4.0",
        "object-assign": "4.1.1",
        "react-is": "16.8.6"
      }
    },
    "query-string": {
      "version": "6.8.1",
      "resolved": "https://registry.npm.taobao.org/query-string/download/query-string-6.8.1.tgz?cache=0&sync_timestamp=1561123421668&other_urls=https%3A%2F%2Fregistry.npm.taobao.org%2Fquery-string%2Fdownload%2Fquery-string-6.8.1.tgz",
      "integrity": "sha1-YsVKfvN9AbU4yP1W+VdAyB1DiiY=",
      "requires": {
        "decode-uri-component": "0.2.0",
        "split-on-first": "1.1.0",
        "strict-uri-encode": "2.0.0"
      }
    },
    "react-is": {
      "version": "16.8.6",
      "resolved": "https://registry.npm.taobao.org/react-is/download/react-is-16.8.6.tgz",
      "integrity": "sha1-W7weLSkUHJ+9/tRWND/ivEMKahY="
    },
    "react-lifecycles-compat": {
      "version": "3.0.4",
      "resolved": "https://registry.npm.taobao.org/react-lifecycles-compat/download/react-lifecycles-compat-3.0.4.tgz",
      "integrity": "sha1-TxonOv38jzSIqMUWv9p4+HI1I2I="
    },
    "react-native-safe-area-view": {
      "version": "0.14.5",
      "resolved": "https://registry.npm.taobao.org/react-native-safe-area-view/download/react-native-safe-area-view-0.14.5.tgz",
      "integrity": "sha1-7t7Wa76wgH8Kf19Enn+yhx9+z3Y=",
      "requires": {
        "hoist-non-react-statics": "2.5.5"
      },
      "dependencies": {
        "hoist-non-react-statics": {
          "version": "2.5.5",
          "resolved": "https://registry.npm.taobao.org/hoist-non-react-statics/download/hoist-non-react-statics-2.5.5.tgz",
          "integrity": "sha1-xZA89AnA39kI84jmGdhrnBF0y0c="
        }
      }
    },
    "react-native-screens": {
      "version": "1.0.0-alpha.22",
      "resolved": "https://registry.npm.taobao.org/react-native-screens/download/react-native-screens-1.0.0-alpha.22.tgz",
      "integrity": "sha1-ehIDd7Uqqbu5TQuFQaAUAmvpKJs="
    },
    "react-native-tab-view": {
      "version": "1.4.1",
      "resolved": "https://registry.npm.taobao.org/react-native-tab-view/download/react-native-tab-view-1.4.1.tgz?cache=0&sync_timestamp=1561635074963&other_urls=https%3A%2F%2Fregistry.npm.taobao.org%2Freact-native-tab-view%2Fdownload%2Freact-native-tab-view-1.4.1.tgz",
      "integrity": "sha1-8RPNh0hYCPDJkavsk39w+jgEeLk=",
      "requires": {
        "prop-types": "15.7.2"
      }
    },
    "react-navigation": {
      "version": "3.11.0",
      "resolved": "https://registry.npm.taobao.org/react-navigation/download/react-navigation-3.11.0.tgz",
      "integrity": "sha1-LIIhfEUtB9i5sJKbx+d+K8+vk4g=",
      "requires": {
        "@react-navigation/core": "3.4.2",
        "@react-navigation/native": "3.5.0",
        "react-navigation-drawer": "1.2.1",
        "react-navigation-stack": "1.4.0",
        "react-navigation-tabs": "1.1.4"
      }
    },
    "react-navigation-drawer": {
      "version": "1.2.1",
      "resolved": "https://registry.npm.taobao.org/react-navigation-drawer/download/react-navigation-drawer-1.2.1.tgz",
      "integrity": "sha1-e9Xv7ufS9hHT67CTPgyOjrfK/lI=",
      "requires": {
        "react-native-tab-view": "1.4.1"
      }
    },
    "react-navigation-stack": {
      "version": "1.4.0",
      "resolved": "https://registry.npm.taobao.org/react-navigation-stack/download/react-navigation-stack-1.4.0.tgz",
      "integrity": "sha1-ac2wKepO5Yd9fpM7MRfckLyEHrI="
    },
    "react-navigation-tabs": {
      "version": "1.1.4",
      "resolved": "https://registry.npm.taobao.org/react-navigation-tabs/download/react-navigation-tabs-1.1.4.tgz",
      "integrity": "sha1-AKMSJQ3zxRnGC3gVpSOs5e4RFjo=",
      "requires": {
        "hoist-non-react-statics": "2.5.5",
        "prop-types": "15.7.2",
        "react-lifecycles-compat": "3.0.4",
        "react-native-tab-view": "1.4.1"
      },
      "dependencies": {
        "hoist-non-react-statics": {
          "version": "2.5.5",
          "resolved": "https://registry.npm.taobao.org/hoist-non-react-statics/download/hoist-non-react-statics-2.5.5.tgz",
          "integrity": "sha1-xZA89AnA39kI84jmGdhrnBF0y0c="
        }
      }
    },
    "split-on-first": {
      "version": "1.1.0",
      "resolved": "https://registry.npm.taobao.org/split-on-first/download/split-on-first-1.1.0.tgz",
      "integrity": "sha1-9hCv7uOxK84dDDBCXnY5i3gkml8="
    },
    "strict-uri-encode": {
      "version": "2.0.0",
      "resolved": "https://registry.npm.taobao.org/strict-uri-encode/download/strict-uri-encode-2.0.0.tgz",
      "integrity": "sha1-ucczDHBChi9rFC3CdLvMWGbONUY="
    }
  }
}
